// !$*UTF8*$!
{
	archiveVersion = 1;
	classes = {
	};
	objectVersion = 56;
	objects = {

/* Begin PBXBuildFile section */
		37024B0F2912083E00BC64AE /* LocationManagerDelegate.swift in Sources */ = {isa = PBXBuildFile; fileRef = 37024B0E2912083E00BC64AE /* LocationManagerDelegate.swift */; };
		3726FE002923A8740062B667 /* CustomArrowView.swift in Sources */ = {isa = PBXBuildFile; fileRef = 3726FDFF2923A8740062B667 /* CustomArrowView.swift */; };
		3726FE022923B02E0062B667 /* CGPoint+Extension.swift in Sources */ = {isa = PBXBuildFile; fileRef = 3726FE012923B02E0062B667 /* CGPoint+Extension.swift */; };
		3726FE042923B12C0062B667 /* SCNVector3+Extension.swift in Sources */ = {isa = PBXBuildFile; fileRef = 3726FE032923B12C0062B667 /* SCNVector3+Extension.swift */; };
		374FEE372909597B00E0C56B /* Float+Extension.swift in Sources */ = {isa = PBXBuildFile; fileRef = 374FEE362909597B00E0C56B /* Float+Extension.swift */; };
		5533717729123F17004AD6E8 /* UniverseSearchViewController.swift in Sources */ = {isa = PBXBuildFile; fileRef = 5533717629123F17004AD6E8 /* UniverseSearchViewController.swift */; };
		558932C9291429E90032D459 /* UniverseSearchViewController+DataSource.swift in Sources */ = {isa = PBXBuildFile; fileRef = 558932C8291429E90032D459 /* UniverseSearchViewController+DataSource.swift */; };
		558932CB29142A930032D459 /* UniverseSearchViewController+FlowLayoutDelegate.swift in Sources */ = {isa = PBXBuildFile; fileRef = 558932CA29142A930032D459 /* UniverseSearchViewController+FlowLayoutDelegate.swift */; };
		55A8876629238C9C0078CB7E /* SettingViewController.swift in Sources */ = {isa = PBXBuildFile; fileRef = 55A8876529238C9C0078CB7E /* SettingViewController.swift */; };
		55C8495A2910A9F00041F334 /* PlanetList+Extension.swift in Sources */ = {isa = PBXBuildFile; fileRef = 55C849592910A9F00041F334 /* PlanetList+Extension.swift */; };
		55F3B9AC290FA1FE0033041E /* Keys.swift in Sources */ = {isa = PBXBuildFile; fileRef = 55F3B9AB290FA1FE0033041E /* Keys.swift */; };
		55F3B9AE290FA2600033041E /* Planet.swift in Sources */ = {isa = PBXBuildFile; fileRef = 55F3B9AD290FA2600033041E /* Planet.swift */; };
		55F3B9B3290FA2D50033041E /* SelectPlanetCollectionViewCell.swift in Sources */ = {isa = PBXBuildFile; fileRef = 55F3B9B2290FA2D50033041E /* SelectPlanetCollectionViewCell.swift */; };
		59261F432923798F005B6E3D /* LaunchScreenViewController.swift in Sources */ = {isa = PBXBuildFile; fileRef = 59261F422923798F005B6E3D /* LaunchScreenViewController.swift */; };
		59261F45292379BB005B6E3D /* UserDefaults+Extension.swift in Sources */ = {isa = PBXBuildFile; fileRef = 59261F44292379BB005B6E3D /* UserDefaults+Extension.swift */; };
		5943244C2908EFB9000518FD /* CustomSquareView.swift in Sources */ = {isa = PBXBuildFile; fileRef = 5943244B2908EFB9000518FD /* CustomSquareView.swift */; };
		5943244E2908EFFF000518FD /* String+Extension.swift in Sources */ = {isa = PBXBuildFile; fileRef = 5943244D2908EFFF000518FD /* String+Extension.swift */; };
		599A78CB2917F75F0070CE15 /* Localizable.strings in Resources */ = {isa = PBXBuildFile; fileRef = 599A78CD2917F75F0070CE15 /* Localizable.strings */; };
		599A78D12917FF4E0070CE15 /* Localized.swift in Sources */ = {isa = PBXBuildFile; fileRef = 599A78D02917FF4E0070CE15 /* Localized.swift */; };
		59B270782929049800061825 /* CustomOnboardingOverlayView.swift in Sources */ = {isa = PBXBuildFile; fileRef = 59B270772929049800061825 /* CustomOnboardingOverlayView.swift */; };
		59B2707E2929188600061825 /* CustomBackgroundOverlayView.swift in Sources */ = {isa = PBXBuildFile; fileRef = 59B2707D2929188600061825 /* CustomBackgroundOverlayView.swift */; };
		BF6BCBA629090E060042B522 /* URLConstants.swift in Sources */ = {isa = PBXBuildFile; fileRef = BF6BCBA529090E050042B522 /* URLConstants.swift */; };
		BF6BCBA829090E0E0042B522 /* APIManager.swift in Sources */ = {isa = PBXBuildFile; fileRef = BF6BCBA729090E0E0042B522 /* APIManager.swift */; };
		BF6BCBAA29090E130042B522 /* Endpoint.swift in Sources */ = {isa = PBXBuildFile; fileRef = BF6BCBA929090E120042B522 /* Endpoint.swift */; };
		BF6BCBAC29090E180042B522 /* LocationManager.swift in Sources */ = {isa = PBXBuildFile; fileRef = BF6BCBAB29090E180042B522 /* LocationManager.swift */; };
		BF6BCBAE29090E1C0042B522 /* NetworkService.swift in Sources */ = {isa = PBXBuildFile; fileRef = BF6BCBAD29090E1C0042B522 /* NetworkService.swift */; };
		BF6BCBB129090E4E0042B522 /* BodiesPositionsResponse.swift in Sources */ = {isa = PBXBuildFile; fileRef = BF6BCBAF29090E4E0042B522 /* BodiesPositionsResponse.swift */; };
		BF6BCBB229090E4E0042B522 /* Body.swift in Sources */ = {isa = PBXBuildFile; fileRef = BF6BCBB029090E4E0042B522 /* Body.swift */; };
		BF788B802903C903002BF8C0 /* DashedCircle+Extension.swift in Sources */ = {isa = PBXBuildFile; fileRef = BF788B7F2903C903002BF8C0 /* DashedCircle+Extension.swift */; };
		BF788B822903D1A7002BF8C0 /* CustomCircleView.swift in Sources */ = {isa = PBXBuildFile; fileRef = BF788B812903D1A7002BF8C0 /* CustomCircleView.swift */; };
		BF788B842903D3BB002BF8C0 /* CommonVariables+Extension.swift in Sources */ = {isa = PBXBuildFile; fileRef = BF788B832903D3BB002BF8C0 /* CommonVariables+Extension.swift */; };
		BF788B8629052230002BF8C0 /* UniverseBackground.scn in Resources */ = {isa = PBXBuildFile; fileRef = BF788B8529052230002BF8C0 /* UniverseBackground.scn */; };
		BF7B4FB628FE431900F83158 /* AppDelegate.swift in Sources */ = {isa = PBXBuildFile; fileRef = BF7B4FB528FE431900F83158 /* AppDelegate.swift */; };
		BF7B4FB828FE431900F83158 /* SceneDelegate.swift in Sources */ = {isa = PBXBuildFile; fileRef = BF7B4FB728FE431900F83158 /* SceneDelegate.swift */; };
		BF7B4FBF28FE431A00F83158 /* Assets.xcassets in Resources */ = {isa = PBXBuildFile; fileRef = BF7B4FBE28FE431A00F83158 /* Assets.xcassets */; };
		BF7B4FC228FE431A00F83158 /* LaunchScreen.storyboard in Resources */ = {isa = PBXBuildFile; fileRef = BF7B4FC028FE431A00F83158 /* LaunchScreen.storyboard */; };
		BF7B4FD028FE452200F83158 /* Color+Extension.swift in Sources */ = {isa = PBXBuildFile; fileRef = BF7B4FCF28FE452200F83158 /* Color+Extension.swift */; };
		BF7B4FD228FE454A00F83158 /* View+Extension.swift in Sources */ = {isa = PBXBuildFile; fileRef = BF7B4FD128FE454A00F83158 /* View+Extension.swift */; };
		BF7B4FD528FE47B200F83158 /* .swiftlint.yml in Resources */ = {isa = PBXBuildFile; fileRef = BF7B4FD428FE47B200F83158 /* .swiftlint.yml */; };
		BFAD1EA0292C62F00081C4A3 /* Searching_Neptune.mp3 in Resources */ = {isa = PBXBuildFile; fileRef = BFAD1E97292C62F00081C4A3 /* Searching_Neptune.mp3 */; };
		BFAD1EA1292C62F00081C4A3 /* Searching_Mars.mp3 in Resources */ = {isa = PBXBuildFile; fileRef = BFAD1E98292C62F00081C4A3 /* Searching_Mars.mp3 */; };
		BFAD1EA2292C62F00081C4A3 /* Searching_Mercury.mp3 in Resources */ = {isa = PBXBuildFile; fileRef = BFAD1E99292C62F00081C4A3 /* Searching_Mercury.mp3 */; };
		BFAD1EA3292C62F00081C4A3 /* Searching_Uranus.mp3 in Resources */ = {isa = PBXBuildFile; fileRef = BFAD1E9A292C62F00081C4A3 /* Searching_Uranus.mp3 */; };
		BFAD1EA4292C62F00081C4A3 /* Searching_Jupiter.mp3 in Resources */ = {isa = PBXBuildFile; fileRef = BFAD1E9B292C62F00081C4A3 /* Searching_Jupiter.mp3 */; };
		BFAD1EA5292C62F00081C4A3 /* Searching_Sun.mp3 in Resources */ = {isa = PBXBuildFile; fileRef = BFAD1E9C292C62F00081C4A3 /* Searching_Sun.mp3 */; };
		BFAD1EA6292C62F00081C4A3 /* Searching_Venus.mp3 in Resources */ = {isa = PBXBuildFile; fileRef = BFAD1E9D292C62F00081C4A3 /* Searching_Venus.mp3 */; };
		BFAD1EA7292C62F00081C4A3 /* Searching_Saturn.mp3 in Resources */ = {isa = PBXBuildFile; fileRef = BFAD1E9E292C62F00081C4A3 /* Searching_Saturn.mp3 */; };
		BFAD1EA8292C62F00081C4A3 /* Searching_Moon.mp3 in Resources */ = {isa = PBXBuildFile; fileRef = BFAD1E9F292C62F00081C4A3 /* Searching_Moon.mp3 */; };
		BFAD1EC8292C80030081C4A3 /* 3dPlanets in Resources */ = {isa = PBXBuildFile; fileRef = BFAD1EC7292C80030081C4A3 /* 3dPlanets */; };
		DD653AAE292E13490061211D /* PlanetContentsList.swift in Sources */ = {isa = PBXBuildFile; fileRef = DD653AAD292E13490061211D /* PlanetContentsList.swift */; };
		DDB7DD932906B2B000FC0BA4 /* InfoViewController.swift in Sources */ = {isa = PBXBuildFile; fileRef = DDB7DD922906B2B000FC0BA4 /* InfoViewController.swift */; };
		DDB7DD97290814AB00FC0BA4 /* Label+Extension.swift in Sources */ = {isa = PBXBuildFile; fileRef = DDB7DD96290814AB00FC0BA4 /* Label+Extension.swift */; };
/* End PBXBuildFile section */

/* Begin PBXFileReference section */
		37024B0E2912083E00BC64AE /* LocationManagerDelegate.swift */ = {isa = PBXFileReference; lastKnownFileType = sourcecode.swift; path = LocationManagerDelegate.swift; sourceTree = "<group>"; };
		3726FDFF2923A8740062B667 /* CustomArrowView.swift */ = {isa = PBXFileReference; lastKnownFileType = sourcecode.swift; path = CustomArrowView.swift; sourceTree = "<group>"; };
		3726FE012923B02E0062B667 /* CGPoint+Extension.swift */ = {isa = PBXFileReference; lastKnownFileType = sourcecode.swift; path = "CGPoint+Extension.swift"; sourceTree = "<group>"; };
		3726FE032923B12C0062B667 /* SCNVector3+Extension.swift */ = {isa = PBXFileReference; lastKnownFileType = sourcecode.swift; path = "SCNVector3+Extension.swift"; sourceTree = "<group>"; };
		374FEE362909597B00E0C56B /* Float+Extension.swift */ = {isa = PBXFileReference; lastKnownFileType = sourcecode.swift; path = "Float+Extension.swift"; sourceTree = "<group>"; };
		5533717629123F17004AD6E8 /* UniverseSearchViewController.swift */ = {isa = PBXFileReference; lastKnownFileType = sourcecode.swift; path = UniverseSearchViewController.swift; sourceTree = "<group>"; };
		558932C8291429E90032D459 /* UniverseSearchViewController+DataSource.swift */ = {isa = PBXFileReference; lastKnownFileType = sourcecode.swift; path = "UniverseSearchViewController+DataSource.swift"; sourceTree = "<group>"; };
		558932CA29142A930032D459 /* UniverseSearchViewController+FlowLayoutDelegate.swift */ = {isa = PBXFileReference; lastKnownFileType = sourcecode.swift; path = "UniverseSearchViewController+FlowLayoutDelegate.swift"; sourceTree = "<group>"; };
		55A8876529238C9C0078CB7E /* SettingViewController.swift */ = {isa = PBXFileReference; lastKnownFileType = sourcecode.swift; path = SettingViewController.swift; sourceTree = "<group>"; };
		55C849592910A9F00041F334 /* PlanetList+Extension.swift */ = {isa = PBXFileReference; lastKnownFileType = sourcecode.swift; path = "PlanetList+Extension.swift"; sourceTree = "<group>"; };
		55F3B9AB290FA1FE0033041E /* Keys.swift */ = {isa = PBXFileReference; fileEncoding = 4; lastKnownFileType = sourcecode.swift; path = Keys.swift; sourceTree = "<group>"; };
		55F3B9AD290FA2600033041E /* Planet.swift */ = {isa = PBXFileReference; lastKnownFileType = sourcecode.swift; path = Planet.swift; sourceTree = "<group>"; };
		55F3B9B2290FA2D50033041E /* SelectPlanetCollectionViewCell.swift */ = {isa = PBXFileReference; lastKnownFileType = sourcecode.swift; path = SelectPlanetCollectionViewCell.swift; sourceTree = "<group>"; };
		59261F422923798F005B6E3D /* LaunchScreenViewController.swift */ = {isa = PBXFileReference; lastKnownFileType = sourcecode.swift; path = LaunchScreenViewController.swift; sourceTree = "<group>"; };
		59261F44292379BB005B6E3D /* UserDefaults+Extension.swift */ = {isa = PBXFileReference; lastKnownFileType = sourcecode.swift; path = "UserDefaults+Extension.swift"; sourceTree = "<group>"; };
		5943244B2908EFB9000518FD /* CustomSquareView.swift */ = {isa = PBXFileReference; fileEncoding = 4; lastKnownFileType = sourcecode.swift; path = CustomSquareView.swift; sourceTree = "<group>"; };
		5943244D2908EFFF000518FD /* String+Extension.swift */ = {isa = PBXFileReference; fileEncoding = 4; lastKnownFileType = sourcecode.swift; path = "String+Extension.swift"; sourceTree = "<group>"; };
		599A78CC2917F75F0070CE15 /* en */ = {isa = PBXFileReference; lastKnownFileType = text.plist.strings; name = en; path = en.lproj/Localizable.strings; sourceTree = "<group>"; };
		599A78CF2917F7DF0070CE15 /* ko */ = {isa = PBXFileReference; lastKnownFileType = text.plist.strings; name = ko; path = ko.lproj/Localizable.strings; sourceTree = "<group>"; };
		599A78D02917FF4E0070CE15 /* Localized.swift */ = {isa = PBXFileReference; lastKnownFileType = sourcecode.swift; path = Localized.swift; sourceTree = "<group>"; };
		59B270772929049800061825 /* CustomOnboardingOverlayView.swift */ = {isa = PBXFileReference; lastKnownFileType = sourcecode.swift; path = CustomOnboardingOverlayView.swift; sourceTree = "<group>"; };
		59B2707D2929188600061825 /* CustomBackgroundOverlayView.swift */ = {isa = PBXFileReference; lastKnownFileType = sourcecode.swift; path = CustomBackgroundOverlayView.swift; sourceTree = "<group>"; };
		BF6BCBA529090E050042B522 /* URLConstants.swift */ = {isa = PBXFileReference; fileEncoding = 4; lastKnownFileType = sourcecode.swift; path = URLConstants.swift; sourceTree = "<group>"; };
		BF6BCBA729090E0E0042B522 /* APIManager.swift */ = {isa = PBXFileReference; fileEncoding = 4; lastKnownFileType = sourcecode.swift; path = APIManager.swift; sourceTree = "<group>"; };
		BF6BCBA929090E120042B522 /* Endpoint.swift */ = {isa = PBXFileReference; fileEncoding = 4; lastKnownFileType = sourcecode.swift; path = Endpoint.swift; sourceTree = "<group>"; };
		BF6BCBAB29090E180042B522 /* LocationManager.swift */ = {isa = PBXFileReference; fileEncoding = 4; lastKnownFileType = sourcecode.swift; path = LocationManager.swift; sourceTree = "<group>"; };
		BF6BCBAD29090E1C0042B522 /* NetworkService.swift */ = {isa = PBXFileReference; fileEncoding = 4; lastKnownFileType = sourcecode.swift; path = NetworkService.swift; sourceTree = "<group>"; };
		BF6BCBAF29090E4E0042B522 /* BodiesPositionsResponse.swift */ = {isa = PBXFileReference; fileEncoding = 4; lastKnownFileType = sourcecode.swift; path = BodiesPositionsResponse.swift; sourceTree = "<group>"; };
		BF6BCBB029090E4E0042B522 /* Body.swift */ = {isa = PBXFileReference; fileEncoding = 4; lastKnownFileType = sourcecode.swift; path = Body.swift; sourceTree = "<group>"; };
		BF788B7F2903C903002BF8C0 /* DashedCircle+Extension.swift */ = {isa = PBXFileReference; lastKnownFileType = sourcecode.swift; path = "DashedCircle+Extension.swift"; sourceTree = "<group>"; };
		BF788B812903D1A7002BF8C0 /* CustomCircleView.swift */ = {isa = PBXFileReference; lastKnownFileType = sourcecode.swift; path = CustomCircleView.swift; sourceTree = "<group>"; };
		BF788B832903D3BB002BF8C0 /* CommonVariables+Extension.swift */ = {isa = PBXFileReference; lastKnownFileType = sourcecode.swift; path = "CommonVariables+Extension.swift"; sourceTree = "<group>"; };
		BF788B8529052230002BF8C0 /* UniverseBackground.scn */ = {isa = PBXFileReference; lastKnownFileType = file.bplist; path = UniverseBackground.scn; sourceTree = "<group>"; };
		BF7B4FB228FE431900F83158 /* Tars.app */ = {isa = PBXFileReference; explicitFileType = wrapper.application; includeInIndex = 0; path = Tars.app; sourceTree = BUILT_PRODUCTS_DIR; };
		BF7B4FB528FE431900F83158 /* AppDelegate.swift */ = {isa = PBXFileReference; lastKnownFileType = sourcecode.swift; path = AppDelegate.swift; sourceTree = "<group>"; };
		BF7B4FB728FE431900F83158 /* SceneDelegate.swift */ = {isa = PBXFileReference; lastKnownFileType = sourcecode.swift; path = SceneDelegate.swift; sourceTree = "<group>"; };
		BF7B4FBE28FE431A00F83158 /* Assets.xcassets */ = {isa = PBXFileReference; lastKnownFileType = folder.assetcatalog; path = Assets.xcassets; sourceTree = "<group>"; };
		BF7B4FC128FE431A00F83158 /* Base */ = {isa = PBXFileReference; lastKnownFileType = file.storyboard; name = Base; path = Base.lproj/LaunchScreen.storyboard; sourceTree = "<group>"; };
		BF7B4FC328FE431A00F83158 /* Info.plist */ = {isa = PBXFileReference; lastKnownFileType = text.plist.xml; path = Info.plist; sourceTree = "<group>"; };
		BF7B4FCF28FE452200F83158 /* Color+Extension.swift */ = {isa = PBXFileReference; lastKnownFileType = sourcecode.swift; path = "Color+Extension.swift"; sourceTree = "<group>"; };
		BF7B4FD128FE454A00F83158 /* View+Extension.swift */ = {isa = PBXFileReference; lastKnownFileType = sourcecode.swift; path = "View+Extension.swift"; sourceTree = "<group>"; };
		BF7B4FD428FE47B200F83158 /* .swiftlint.yml */ = {isa = PBXFileReference; lastKnownFileType = text.yaml; path = .swiftlint.yml; sourceTree = "<group>"; };
		BFAD1E97292C62F00081C4A3 /* Searching_Neptune.mp3 */ = {isa = PBXFileReference; lastKnownFileType = audio.mp3; path = Searching_Neptune.mp3; sourceTree = "<group>"; };
		BFAD1E98292C62F00081C4A3 /* Searching_Mars.mp3 */ = {isa = PBXFileReference; lastKnownFileType = audio.mp3; path = Searching_Mars.mp3; sourceTree = "<group>"; };
		BFAD1E99292C62F00081C4A3 /* Searching_Mercury.mp3 */ = {isa = PBXFileReference; lastKnownFileType = audio.mp3; path = Searching_Mercury.mp3; sourceTree = "<group>"; };
		BFAD1E9A292C62F00081C4A3 /* Searching_Uranus.mp3 */ = {isa = PBXFileReference; lastKnownFileType = audio.mp3; path = Searching_Uranus.mp3; sourceTree = "<group>"; };
		BFAD1E9B292C62F00081C4A3 /* Searching_Jupiter.mp3 */ = {isa = PBXFileReference; lastKnownFileType = audio.mp3; path = Searching_Jupiter.mp3; sourceTree = "<group>"; };
		BFAD1E9C292C62F00081C4A3 /* Searching_Sun.mp3 */ = {isa = PBXFileReference; lastKnownFileType = audio.mp3; path = Searching_Sun.mp3; sourceTree = "<group>"; };
		BFAD1E9D292C62F00081C4A3 /* Searching_Venus.mp3 */ = {isa = PBXFileReference; lastKnownFileType = audio.mp3; path = Searching_Venus.mp3; sourceTree = "<group>"; };
		BFAD1E9E292C62F00081C4A3 /* Searching_Saturn.mp3 */ = {isa = PBXFileReference; lastKnownFileType = audio.mp3; path = Searching_Saturn.mp3; sourceTree = "<group>"; };
		BFAD1E9F292C62F00081C4A3 /* Searching_Moon.mp3 */ = {isa = PBXFileReference; lastKnownFileType = audio.mp3; path = Searching_Moon.mp3; sourceTree = "<group>"; };
		BFAD1EA9292C62FC0081C4A3 /* Detail_Neptune.aif */ = {isa = PBXFileReference; lastKnownFileType = file; path = Detail_Neptune.aif; sourceTree = "<group>"; };
		BFAD1EAA292C62FE0081C4A3 /* Detail_Saturn.aif */ = {isa = PBXFileReference; lastKnownFileType = file; path = Detail_Saturn.aif; sourceTree = "<group>"; };
		BFAD1EAB292C62FF0081C4A3 /* Detail_Mars.aif */ = {isa = PBXFileReference; lastKnownFileType = file; path = Detail_Mars.aif; sourceTree = "<group>"; };
		BFAD1EAC292C63000081C4A3 /* Detail_Jupiter.aif */ = {isa = PBXFileReference; lastKnownFileType = file; path = Detail_Jupiter.aif; sourceTree = "<group>"; };
		BFAD1EAD292C63020081C4A3 /* Detail_Sun.aif */ = {isa = PBXFileReference; lastKnownFileType = file; path = Detail_Sun.aif; sourceTree = "<group>"; };
		BFAD1EAE292C63030081C4A3 /* Detail_Venus.aif */ = {isa = PBXFileReference; lastKnownFileType = file; path = Detail_Venus.aif; sourceTree = "<group>"; };
		BFAD1EAF292C63050081C4A3 /* Detail_Mercury.aif */ = {isa = PBXFileReference; lastKnownFileType = file; path = Detail_Mercury.aif; sourceTree = "<group>"; };
		BFAD1EB0292C63060081C4A3 /* Detail_Uranus.aif */ = {isa = PBXFileReference; lastKnownFileType = file; path = Detail_Uranus.aif; sourceTree = "<group>"; };
		BFAD1EB1292C63070081C4A3 /* Detail_Moon.aif */ = {isa = PBXFileReference; lastKnownFileType = file; path = Detail_Moon.aif; sourceTree = "<group>"; };
		BFAD1EC7292C80030081C4A3 /* 3dPlanets */ = {isa = PBXFileReference; lastKnownFileType = folder; path = 3dPlanets; sourceTree = "<group>"; };
		DD653AAD292E13490061211D /* PlanetContentsList.swift */ = {isa = PBXFileReference; lastKnownFileType = sourcecode.swift; path = PlanetContentsList.swift; sourceTree = "<group>"; };
		DDB7DD922906B2B000FC0BA4 /* InfoViewController.swift */ = {isa = PBXFileReference; lastKnownFileType = sourcecode.swift; path = InfoViewController.swift; sourceTree = "<group>"; };
		DDB7DD96290814AB00FC0BA4 /* Label+Extension.swift */ = {isa = PBXFileReference; lastKnownFileType = sourcecode.swift; path = "Label+Extension.swift"; sourceTree = "<group>"; };
/* End PBXFileReference section */

/* Begin PBXFrameworksBuildPhase section */
		BF7B4FAF28FE431900F83158 /* Frameworks */ = {
			isa = PBXFrameworksBuildPhase;
			buildActionMask = 2147483647;
			files = (
			);
			runOnlyForDeploymentPostprocessing = 0;
		};
/* End PBXFrameworksBuildPhase section */

/* Begin PBXGroup section */
		37024B0D2912082500BC64AE /* Location */ = {
			isa = PBXGroup;
			children = (
				BF6BCBAB29090E180042B522 /* LocationManager.swift */,
				37024B0E2912083E00BC64AE /* LocationManagerDelegate.swift */,
			);
			path = Location;
			sourceTree = "<group>";
		};
		37AE64B82906B766000ABC86 /* Network */ = {
			isa = PBXGroup;
			children = (
				BF6BCBA729090E0E0042B522 /* APIManager.swift */,
				BF6BCBA929090E120042B522 /* Endpoint.swift */,
				BF6BCBAD29090E1C0042B522 /* NetworkService.swift */,
				37AE64BF2906BCA5000ABC86 /* Base */,
			);
			path = Network;
			sourceTree = "<group>";
		};
		37AE64BF2906BCA5000ABC86 /* Base */ = {
			isa = PBXGroup;
			children = (
				BF6BCBA529090E050042B522 /* URLConstants.swift */,
				55F3B9AB290FA1FE0033041E /* Keys.swift */,
			);
			path = Base;
			sourceTree = "<group>";
		};
		558932CC29142B0C0032D459 /* SearchView */ = {
			isa = PBXGroup;
			children = (
				558932C8291429E90032D459 /* UniverseSearchViewController+DataSource.swift */,
				558932CA29142A930032D459 /* UniverseSearchViewController+FlowLayoutDelegate.swift */,
				55F3B9B2290FA2D50033041E /* SelectPlanetCollectionViewCell.swift */,
			);
			path = SearchView;
			sourceTree = "<group>";
		};
		BF7B4FA928FE431900F83158 = {
			isa = PBXGroup;
			children = (
				599A78CD2917F75F0070CE15 /* Localizable.strings */,
				BF7B4FB428FE431900F83158 /* Tars */,
				BF7B4FB328FE431900F83158 /* Products */,
			);
			sourceTree = "<group>";
		};
		BF7B4FB328FE431900F83158 /* Products */ = {
			isa = PBXGroup;
			children = (
				BF7B4FB228FE431900F83158 /* Tars.app */,
			);
			name = Products;
			sourceTree = "<group>";
		};
		BF7B4FB428FE431900F83158 /* Tars */ = {
			isa = PBXGroup;
			children = (
				BF7B4FD428FE47B200F83158 /* .swiftlint.yml */,
				BF7B4FC928FE445200F83158 /* Model */,
				BF7B4FCC28FE448000F83158 /* ViewController */,
				BF7B4FCA28FE447000F83158 /* View */,
				558932CC29142B0C0032D459 /* SearchView */,
				BF7B4FCE28FE44D000F83158 /* Extensions */,
				37024B0D2912082500BC64AE /* Location */,
				37AE64B82906B766000ABC86 /* Network */,
				BF7B4FB528FE431900F83158 /* AppDelegate.swift */,
				BF7B4FB728FE431900F83158 /* SceneDelegate.swift */,
				BF7B4FBE28FE431A00F83158 /* Assets.xcassets */,
				BF7B4FC028FE431A00F83158 /* LaunchScreen.storyboard */,
				BF7B4FC328FE431A00F83158 /* Info.plist */,
				BF788B8529052230002BF8C0 /* UniverseBackground.scn */,
				BFAD1EC7292C80030081C4A3 /* 3dPlanets */,
				BFAD1EB2292C63180081C4A3 /* SoundAssets */,
			);
			path = Tars;
			sourceTree = "<group>";
		};
		BF7B4FC928FE445200F83158 /* Model */ = {
			isa = PBXGroup;
			children = (
				BF6BCBAF29090E4E0042B522 /* BodiesPositionsResponse.swift */,
				BF6BCBB029090E4E0042B522 /* Body.swift */,
				55F3B9AD290FA2600033041E /* Planet.swift */,
				DD653AAD292E13490061211D /* PlanetContentsList.swift */,
			);
			path = Model;
			sourceTree = "<group>";
		};
		BF7B4FCA28FE447000F83158 /* View */ = {
			isa = PBXGroup;
			children = (
				BF788B812903D1A7002BF8C0 /* CustomCircleView.swift */,
				5943244B2908EFB9000518FD /* CustomSquareView.swift */,
				3726FDFF2923A8740062B667 /* CustomArrowView.swift */,
				59B270772929049800061825 /* CustomOnboardingOverlayView.swift */,
				59B2707D2929188600061825 /* CustomBackgroundOverlayView.swift */,
			);
			path = View;
			sourceTree = "<group>";
		};
		BF7B4FCC28FE448000F83158 /* ViewController */ = {
			isa = PBXGroup;
			children = (
				5533717629123F17004AD6E8 /* UniverseSearchViewController.swift */,
				55A8876529238C9C0078CB7E /* SettingViewController.swift */,
				DDB7DD922906B2B000FC0BA4 /* InfoViewController.swift */,
				59261F422923798F005B6E3D /* LaunchScreenViewController.swift */,
			);
			path = ViewController;
			sourceTree = "<group>";
		};
		BF7B4FCE28FE44D000F83158 /* Extensions */ = {
			isa = PBXGroup;
			children = (
				BF7B4FCF28FE452200F83158 /* Color+Extension.swift */,
				DDB7DD96290814AB00FC0BA4 /* Label+Extension.swift */,
				5943244D2908EFFF000518FD /* String+Extension.swift */,
				BF7B4FD128FE454A00F83158 /* View+Extension.swift */,
				599A78D02917FF4E0070CE15 /* Localized.swift */,
				BF788B7F2903C903002BF8C0 /* DashedCircle+Extension.swift */,
				BF788B832903D3BB002BF8C0 /* CommonVariables+Extension.swift */,
				374FEE362909597B00E0C56B /* Float+Extension.swift */,
				55C849592910A9F00041F334 /* PlanetList+Extension.swift */,
				3726FE012923B02E0062B667 /* CGPoint+Extension.swift */,
				3726FE032923B12C0062B667 /* SCNVector3+Extension.swift */,
				59261F44292379BB005B6E3D /* UserDefaults+Extension.swift */,
			);
			path = Extensions;
			sourceTree = "<group>";
		};
		BFAD1E84292C62290081C4A3 /* SoundSpatial */ = {
			isa = PBXGroup;
			children = (
				BFAD1EAC292C63000081C4A3 /* Detail_Jupiter.aif */,
				BFAD1EAB292C62FF0081C4A3 /* Detail_Mars.aif */,
				BFAD1EAF292C63050081C4A3 /* Detail_Mercury.aif */,
				BFAD1EB1292C63070081C4A3 /* Detail_Moon.aif */,
				BFAD1EA9292C62FC0081C4A3 /* Detail_Neptune.aif */,
				BFAD1EAA292C62FE0081C4A3 /* Detail_Saturn.aif */,
				BFAD1EAD292C63020081C4A3 /* Detail_Sun.aif */,
				BFAD1EB0292C63060081C4A3 /* Detail_Uranus.aif */,
				BFAD1EAE292C63030081C4A3 /* Detail_Venus.aif */,
			);
			path = SoundSpatial;
			sourceTree = "<group>";
		};
		BFAD1EB2292C63180081C4A3 /* SoundAssets */ = {
			isa = PBXGroup;
			children = (
				BFC861A229251AC500D1ADE1 /* SoundMono */,
				BFAD1E84292C62290081C4A3 /* SoundSpatial */,
			);
			path = SoundAssets;
			sourceTree = "<group>";
		};
		BFC861A229251AC500D1ADE1 /* SoundMono */ = {
			isa = PBXGroup;
			children = (
				BFAD1E9B292C62F00081C4A3 /* Searching_Jupiter.mp3 */,
				BFAD1E98292C62F00081C4A3 /* Searching_Mars.mp3 */,
				BFAD1E99292C62F00081C4A3 /* Searching_Mercury.mp3 */,
				BFAD1E9F292C62F00081C4A3 /* Searching_Moon.mp3 */,
				BFAD1E97292C62F00081C4A3 /* Searching_Neptune.mp3 */,
				BFAD1E9E292C62F00081C4A3 /* Searching_Saturn.mp3 */,
				BFAD1E9C292C62F00081C4A3 /* Searching_Sun.mp3 */,
				BFAD1E9A292C62F00081C4A3 /* Searching_Uranus.mp3 */,
				BFAD1E9D292C62F00081C4A3 /* Searching_Venus.mp3 */,
			);
			path = SoundMono;
			sourceTree = "<group>";
		};
/* End PBXGroup section */

/* Begin PBXNativeTarget section */
		BF7B4FB128FE431900F83158 /* Tars */ = {
			isa = PBXNativeTarget;
			buildConfigurationList = BF7B4FC628FE431A00F83158 /* Build configuration list for PBXNativeTarget "Tars" */;
			buildPhases = (
				BF7B4FD328FE472700F83158 /* Run Script */,
				BF7B4FAE28FE431900F83158 /* Sources */,
				BF7B4FAF28FE431900F83158 /* Frameworks */,
				BF7B4FB028FE431900F83158 /* Resources */,
			);
			buildRules = (
			);
			dependencies = (
			);
			name = Tars;
			productName = Tars;
			productReference = BF7B4FB228FE431900F83158 /* Tars.app */;
			productType = "com.apple.product-type.application";
		};
/* End PBXNativeTarget section */

/* Begin PBXProject section */
		BF7B4FAA28FE431900F83158 /* Project object */ = {
			isa = PBXProject;
			attributes = {
				BuildIndependentTargetsInParallel = 1;
				LastSwiftUpdateCheck = 1400;
				LastUpgradeCheck = 1400;
				TargetAttributes = {
					BF7B4FB128FE431900F83158 = {
						CreatedOnToolsVersion = 14.0.1;
					};
				};
			};
			buildConfigurationList = BF7B4FAD28FE431900F83158 /* Build configuration list for PBXProject "Tars" */;
			compatibilityVersion = "Xcode 14.0";
			developmentRegion = en;
			hasScannedForEncodings = 0;
			knownRegions = (
				en,
				Base,
				ko,
			);
			mainGroup = BF7B4FA928FE431900F83158;
			productRefGroup = BF7B4FB328FE431900F83158 /* Products */;
			projectDirPath = "";
			projectRoot = "";
			targets = (
				BF7B4FB128FE431900F83158 /* Tars */,
			);
		};
/* End PBXProject section */

/* Begin PBXResourcesBuildPhase section */
		BF7B4FB028FE431900F83158 /* Resources */ = {
			isa = PBXResourcesBuildPhase;
			buildActionMask = 2147483647;
			files = (
				599A78CB2917F75F0070CE15 /* Localizable.strings in Resources */,
				BFAD1EC8292C80030081C4A3 /* 3dPlanets in Resources */,
				BFAD1EA0292C62F00081C4A3 /* Searching_Neptune.mp3 in Resources */,
				BF7B4FD528FE47B200F83158 /* .swiftlint.yml in Resources */,
				BFAD1EA0292C62F00081C4A3 /* Searching_Neptune.mp3 in Resources */,
				BF788B8629052230002BF8C0 /* UniverseBackground.scn in Resources */,
				BFAD1EA5292C62F00081C4A3 /* Searching_Sun.mp3 in Resources */,
				BF7B4FC228FE431A00F83158 /* LaunchScreen.storyboard in Resources */,
				BFAD1EA4292C62F00081C4A3 /* Searching_Jupiter.mp3 in Resources */,
				BFAD1EA7292C62F00081C4A3 /* Searching_Saturn.mp3 in Resources */,
				BFAD1EA8292C62F00081C4A3 /* Searching_Moon.mp3 in Resources */,
				BFAD1EA2292C62F00081C4A3 /* Searching_Mercury.mp3 in Resources */,
				BF7B4FBF28FE431A00F83158 /* Assets.xcassets in Resources */,
				BFAD1EA6292C62F00081C4A3 /* Searching_Venus.mp3 in Resources */,
				BFAD1EA3292C62F00081C4A3 /* Searching_Uranus.mp3 in Resources */,
				BFAD1EA1292C62F00081C4A3 /* Searching_Mars.mp3 in Resources */,
			);
			runOnlyForDeploymentPostprocessing = 0;
		};
/* End PBXResourcesBuildPhase section */

/* Begin PBXShellScriptBuildPhase section */
		BF7B4FD328FE472700F83158 /* Run Script */ = {
			isa = PBXShellScriptBuildPhase;
			alwaysOutOfDate = 1;
			buildActionMask = 12;
			files = (
			);
			inputFileListPaths = (
			);
			inputPaths = (
			);
			name = "Run Script";
			outputFileListPaths = (
			);
			outputPaths = (
			);
			runOnlyForDeploymentPostprocessing = 0;
			shellPath = /bin/sh;
			shellScript = "# Type a script or drag a script file from your workspace to insert its path.\nexport PATH=\"$PATH:/opt/homebrew/bin\"\nif which swiftlint > /dev/null; then\n  swiftlint\nelse\n  echo \"warning: SwiftLint not installed, download from https://github.com/realm/SwiftLint\"\nfi\n";
		};
/* End PBXShellScriptBuildPhase section */

/* Begin PBXSourcesBuildPhase section */
		BF7B4FAE28FE431900F83158 /* Sources */ = {
			isa = PBXSourcesBuildPhase;
			buildActionMask = 2147483647;
			files = (
				BF788B822903D1A7002BF8C0 /* CustomCircleView.swift in Sources */,
				DD653AAE292E13490061211D /* PlanetContentsList.swift in Sources */,
				BF6BCBAC29090E180042B522 /* LocationManager.swift in Sources */,
				BF6BCBB129090E4E0042B522 /* BodiesPositionsResponse.swift in Sources */,
				5943244C2908EFB9000518FD /* CustomSquareView.swift in Sources */,
				55F3B9AC290FA1FE0033041E /* Keys.swift in Sources */,
				55F3B9AE290FA2600033041E /* Planet.swift in Sources */,
				558932CB29142A930032D459 /* UniverseSearchViewController+FlowLayoutDelegate.swift in Sources */,
				BF6BCBAE29090E1C0042B522 /* NetworkService.swift in Sources */,
				59261F432923798F005B6E3D /* LaunchScreenViewController.swift in Sources */,
				BF6BCBA629090E060042B522 /* URLConstants.swift in Sources */,
				BF788B842903D3BB002BF8C0 /* CommonVariables+Extension.swift in Sources */,
				3726FE042923B12C0062B667 /* SCNVector3+Extension.swift in Sources */,
				37024B0F2912083E00BC64AE /* LocationManagerDelegate.swift in Sources */,
				55C8495A2910A9F00041F334 /* PlanetList+Extension.swift in Sources */,
				599A78D12917FF4E0070CE15 /* Localized.swift in Sources */,
				55F3B9B3290FA2D50033041E /* SelectPlanetCollectionViewCell.swift in Sources */,
				5943244E2908EFFF000518FD /* String+Extension.swift in Sources */,
				3726FE002923A8740062B667 /* CustomArrowView.swift in Sources */,
				374FEE372909597B00E0C56B /* Float+Extension.swift in Sources */,
				BF7B4FB628FE431900F83158 /* AppDelegate.swift in Sources */,
				558932C9291429E90032D459 /* UniverseSearchViewController+DataSource.swift in Sources */,
				DDB7DD932906B2B000FC0BA4 /* InfoViewController.swift in Sources */,
				5533717729123F17004AD6E8 /* UniverseSearchViewController.swift in Sources */,
				3726FE022923B02E0062B667 /* CGPoint+Extension.swift in Sources */,
				BF7B4FB828FE431900F83158 /* SceneDelegate.swift in Sources */,
				59261F45292379BB005B6E3D /* UserDefaults+Extension.swift in Sources */,
				59B2707E2929188600061825 /* CustomBackgroundOverlayView.swift in Sources */,
				BF6BCBAA29090E130042B522 /* Endpoint.swift in Sources */,
				DDB7DD97290814AB00FC0BA4 /* Label+Extension.swift in Sources */,
				59B270782929049800061825 /* CustomOnboardingOverlayView.swift in Sources */,
				BF788B802903C903002BF8C0 /* DashedCircle+Extension.swift in Sources */,
				55A8876629238C9C0078CB7E /* SettingViewController.swift in Sources */,
				BF6BCBA829090E0E0042B522 /* APIManager.swift in Sources */,
				BF7B4FD028FE452200F83158 /* Color+Extension.swift in Sources */,
				BF7B4FD228FE454A00F83158 /* View+Extension.swift in Sources */,
				BF6BCBB229090E4E0042B522 /* Body.swift in Sources */,
			);
			runOnlyForDeploymentPostprocessing = 0;
		};
/* End PBXSourcesBuildPhase section */

/* Begin PBXVariantGroup section */
		599A78CD2917F75F0070CE15 /* Localizable.strings */ = {
			isa = PBXVariantGroup;
			children = (
				599A78CC2917F75F0070CE15 /* en */,
				599A78CF2917F7DF0070CE15 /* ko */,
			);
			name = Localizable.strings;
			sourceTree = "<group>";
		};
		BF7B4FC028FE431A00F83158 /* LaunchScreen.storyboard */ = {
			isa = PBXVariantGroup;
			children = (
				BF7B4FC128FE431A00F83158 /* Base */,
			);
			name = LaunchScreen.storyboard;
			sourceTree = "<group>";
		};
/* End PBXVariantGroup section */

/* Begin XCBuildConfiguration section */
		BF7B4FC428FE431A00F83158 /* Debug */ = {
			isa = XCBuildConfiguration;
			buildSettings = {
				ALWAYS_SEARCH_USER_PATHS = NO;
				CLANG_ANALYZER_LOCALIZABILITY_NONLOCALIZED = YES;
				CLANG_ANALYZER_NONNULL = YES;
				CLANG_ANALYZER_NUMBER_OBJECT_CONVERSION = YES_AGGRESSIVE;
				CLANG_CXX_LANGUAGE_STANDARD = "gnu++20";
				CLANG_ENABLE_MODULES = YES;
				CLANG_ENABLE_OBJC_ARC = YES;
				CLANG_ENABLE_OBJC_WEAK = YES;
				CLANG_WARN_BLOCK_CAPTURE_AUTORELEASING = YES;
				CLANG_WARN_BOOL_CONVERSION = YES;
				CLANG_WARN_COMMA = YES;
				CLANG_WARN_CONSTANT_CONVERSION = YES;
				CLANG_WARN_DEPRECATED_OBJC_IMPLEMENTATIONS = YES;
				CLANG_WARN_DIRECT_OBJC_ISA_USAGE = YES_ERROR;
				CLANG_WARN_DOCUMENTATION_COMMENTS = YES;
				CLANG_WARN_EMPTY_BODY = YES;
				CLANG_WARN_ENUM_CONVERSION = YES;
				CLANG_WARN_INFINITE_RECURSION = YES;
				CLANG_WARN_INT_CONVERSION = YES;
				CLANG_WARN_NON_LITERAL_NULL_CONVERSION = YES;
				CLANG_WARN_OBJC_IMPLICIT_RETAIN_SELF = YES;
				CLANG_WARN_OBJC_LITERAL_CONVERSION = YES;
				CLANG_WARN_OBJC_ROOT_CLASS = YES_ERROR;
				CLANG_WARN_QUOTED_INCLUDE_IN_FRAMEWORK_HEADER = YES;
				CLANG_WARN_RANGE_LOOP_ANALYSIS = YES;
				CLANG_WARN_STRICT_PROTOTYPES = YES;
				CLANG_WARN_SUSPICIOUS_MOVE = YES;
				CLANG_WARN_UNGUARDED_AVAILABILITY = YES_AGGRESSIVE;
				CLANG_WARN_UNREACHABLE_CODE = YES;
				CLANG_WARN__DUPLICATE_METHOD_MATCH = YES;
				COPY_PHASE_STRIP = NO;
				DEBUG_INFORMATION_FORMAT = dwarf;
				ENABLE_STRICT_OBJC_MSGSEND = YES;
				ENABLE_TESTABILITY = YES;
				GCC_C_LANGUAGE_STANDARD = gnu11;
				GCC_DYNAMIC_NO_PIC = NO;
				GCC_NO_COMMON_BLOCKS = YES;
				GCC_OPTIMIZATION_LEVEL = 0;
				GCC_PREPROCESSOR_DEFINITIONS = (
					"DEBUG=1",
					"$(inherited)",
				);
				GCC_WARN_64_TO_32_BIT_CONVERSION = YES;
				GCC_WARN_ABOUT_RETURN_TYPE = YES_ERROR;
				GCC_WARN_UNDECLARED_SELECTOR = YES;
				GCC_WARN_UNINITIALIZED_AUTOS = YES_AGGRESSIVE;
				GCC_WARN_UNUSED_FUNCTION = YES;
				GCC_WARN_UNUSED_VARIABLE = YES;
				IPHONEOS_DEPLOYMENT_TARGET = 16.0;
				MTL_ENABLE_DEBUG_INFO = INCLUDE_SOURCE;
				MTL_FAST_MATH = YES;
				ONLY_ACTIVE_ARCH = YES;
				SDKROOT = iphoneos;
				SWIFT_ACTIVE_COMPILATION_CONDITIONS = DEBUG;
				SWIFT_OPTIMIZATION_LEVEL = "-Onone";
			};
			name = Debug;
		};
		BF7B4FC528FE431A00F83158 /* Release */ = {
			isa = XCBuildConfiguration;
			buildSettings = {
				ALWAYS_SEARCH_USER_PATHS = NO;
				CLANG_ANALYZER_LOCALIZABILITY_NONLOCALIZED = YES;
				CLANG_ANALYZER_NONNULL = YES;
				CLANG_ANALYZER_NUMBER_OBJECT_CONVERSION = YES_AGGRESSIVE;
				CLANG_CXX_LANGUAGE_STANDARD = "gnu++20";
				CLANG_ENABLE_MODULES = YES;
				CLANG_ENABLE_OBJC_ARC = YES;
				CLANG_ENABLE_OBJC_WEAK = YES;
				CLANG_WARN_BLOCK_CAPTURE_AUTORELEASING = YES;
				CLANG_WARN_BOOL_CONVERSION = YES;
				CLANG_WARN_COMMA = YES;
				CLANG_WARN_CONSTANT_CONVERSION = YES;
				CLANG_WARN_DEPRECATED_OBJC_IMPLEMENTATIONS = YES;
				CLANG_WARN_DIRECT_OBJC_ISA_USAGE = YES_ERROR;
				CLANG_WARN_DOCUMENTATION_COMMENTS = YES;
				CLANG_WARN_EMPTY_BODY = YES;
				CLANG_WARN_ENUM_CONVERSION = YES;
				CLANG_WARN_INFINITE_RECURSION = YES;
				CLANG_WARN_INT_CONVERSION = YES;
				CLANG_WARN_NON_LITERAL_NULL_CONVERSION = YES;
				CLANG_WARN_OBJC_IMPLICIT_RETAIN_SELF = YES;
				CLANG_WARN_OBJC_LITERAL_CONVERSION = YES;
				CLANG_WARN_OBJC_ROOT_CLASS = YES_ERROR;
				CLANG_WARN_QUOTED_INCLUDE_IN_FRAMEWORK_HEADER = YES;
				CLANG_WARN_RANGE_LOOP_ANALYSIS = YES;
				CLANG_WARN_STRICT_PROTOTYPES = YES;
				CLANG_WARN_SUSPICIOUS_MOVE = YES;
				CLANG_WARN_UNGUARDED_AVAILABILITY = YES_AGGRESSIVE;
				CLANG_WARN_UNREACHABLE_CODE = YES;
				CLANG_WARN__DUPLICATE_METHOD_MATCH = YES;
				COPY_PHASE_STRIP = NO;
				DEBUG_INFORMATION_FORMAT = "dwarf-with-dsym";
				ENABLE_NS_ASSERTIONS = NO;
				ENABLE_STRICT_OBJC_MSGSEND = YES;
				GCC_C_LANGUAGE_STANDARD = gnu11;
				GCC_NO_COMMON_BLOCKS = YES;
				GCC_WARN_64_TO_32_BIT_CONVERSION = YES;
				GCC_WARN_ABOUT_RETURN_TYPE = YES_ERROR;
				GCC_WARN_UNDECLARED_SELECTOR = YES;
				GCC_WARN_UNINITIALIZED_AUTOS = YES_AGGRESSIVE;
				GCC_WARN_UNUSED_FUNCTION = YES;
				GCC_WARN_UNUSED_VARIABLE = YES;
				IPHONEOS_DEPLOYMENT_TARGET = 16.0;
				MTL_ENABLE_DEBUG_INFO = NO;
				MTL_FAST_MATH = YES;
				SDKROOT = iphoneos;
				SWIFT_COMPILATION_MODE = wholemodule;
				SWIFT_OPTIMIZATION_LEVEL = "-O";
				VALIDATE_PRODUCT = YES;
			};
			name = Release;
		};
		BF7B4FC728FE431A00F83158 /* Debug */ = {
			isa = XCBuildConfiguration;
			buildSettings = {
				ASSETCATALOG_COMPILER_APPICON_NAME = AppIcon;
				ASSETCATALOG_COMPILER_GLOBAL_ACCENT_COLOR_NAME = AccentColor;
				CODE_SIGN_STYLE = Automatic;
				CURRENT_PROJECT_VERSION = 1;
				DEVELOPMENT_TEAM = "";
				GENERATE_INFOPLIST_FILE = YES;
				INFOPLIST_FILE = Tars/Info.plist;
				INFOPLIST_KEY_NSCameraUsageDescription = "카메라를 사용하기 위해 권한이 필요합니다.";
				INFOPLIST_KEY_NSLocationWhenInUseUsageDescription = "위치 기반 서비스 제공을 위해 권한이 필요합니다.";
				INFOPLIST_KEY_UIApplicationSupportsIndirectInputEvents = YES;
				INFOPLIST_KEY_UILaunchStoryboardName = LaunchScreen;
				INFOPLIST_KEY_UISupportedInterfaceOrientations_iPad = "UIInterfaceOrientationPortrait UIInterfaceOrientationPortraitUpsideDown UIInterfaceOrientationLandscapeLeft UIInterfaceOrientationLandscapeRight";
				INFOPLIST_KEY_UISupportedInterfaceOrientations_iPhone = "UIInterfaceOrientationPortrait UIInterfaceOrientationLandscapeLeft UIInterfaceOrientationLandscapeRight";
				IPHONEOS_DEPLOYMENT_TARGET = 15.0;
				LD_RUNPATH_SEARCH_PATHS = (
					"$(inherited)",
					"@executable_path/Frameworks",
				);
				MARKETING_VERSION = 1.0;
				PRODUCT_BUNDLE_IDENTIFIER = com.spaceover;
				PRODUCT_NAME = "$(TARGET_NAME)";
				SWIFT_EMIT_LOC_STRINGS = YES;
				SWIFT_VERSION = 5.0;
				TARGETED_DEVICE_FAMILY = "1,2";
			};
			name = Debug;
		};
		BF7B4FC828FE431A00F83158 /* Release */ = {
			isa = XCBuildConfiguration;
			buildSettings = {
				ASSETCATALOG_COMPILER_APPICON_NAME = AppIcon;
				ASSETCATALOG_COMPILER_GLOBAL_ACCENT_COLOR_NAME = AccentColor;
				CODE_SIGN_STYLE = Automatic;
				CURRENT_PROJECT_VERSION = 1;
				DEVELOPMENT_TEAM = "";
				GENERATE_INFOPLIST_FILE = YES;
				INFOPLIST_FILE = Tars/Info.plist;
				INFOPLIST_KEY_NSCameraUsageDescription = "카메라를 사용하기 위해 권한이 필요합니다.";
				INFOPLIST_KEY_NSLocationWhenInUseUsageDescription = "위치 기반 서비스 제공을 위해 권한이 필요합니다.";
				INFOPLIST_KEY_UIApplicationSupportsIndirectInputEvents = YES;
				INFOPLIST_KEY_UILaunchStoryboardName = LaunchScreen;
				INFOPLIST_KEY_UISupportedInterfaceOrientations_iPad = "UIInterfaceOrientationPortrait UIInterfaceOrientationPortraitUpsideDown UIInterfaceOrientationLandscapeLeft UIInterfaceOrientationLandscapeRight";
				INFOPLIST_KEY_UISupportedInterfaceOrientations_iPhone = "UIInterfaceOrientationPortrait UIInterfaceOrientationLandscapeLeft UIInterfaceOrientationLandscapeRight";
				IPHONEOS_DEPLOYMENT_TARGET = 15.0;
				LD_RUNPATH_SEARCH_PATHS = (
					"$(inherited)",
					"@executable_path/Frameworks",
				);
				MARKETING_VERSION = 1.0;
				PRODUCT_BUNDLE_IDENTIFIER = com.spaceover;
				PRODUCT_NAME = "$(TARGET_NAME)";
				SWIFT_EMIT_LOC_STRINGS = YES;
				SWIFT_VERSION = 5.0;
				TARGETED_DEVICE_FAMILY = "1,2";
			};
			name = Release;
		};
/* End XCBuildConfiguration section */

/* Begin XCConfigurationList section */
		BF7B4FAD28FE431900F83158 /* Build configuration list for PBXProject "Tars" */ = {
			isa = XCConfigurationList;
			buildConfigurations = (
				BF7B4FC428FE431A00F83158 /* Debug */,
				BF7B4FC528FE431A00F83158 /* Release */,
			);
			defaultConfigurationIsVisible = 0;
			defaultConfigurationName = Release;
		};
		BF7B4FC628FE431A00F83158 /* Build configuration list for PBXNativeTarget "Tars" */ = {
			isa = XCConfigurationList;
			buildConfigurations = (
				BF7B4FC728FE431A00F83158 /* Debug */,
				BF7B4FC828FE431A00F83158 /* Release */,
			);
			defaultConfigurationIsVisible = 0;
			defaultConfigurationName = Release;
		};
/* End XCConfigurationList section */
	};
	rootObject = BF7B4FAA28FE431900F83158 /* Project object */;
}
