// !$*UTF8*$!
{
	archiveVersion = 1;
	classes = {
	};
	objectVersion = 56;
	objects = {

/* Begin PBXBuildFile section */

		BF788B7E2903C8CF002BF8C0 /* UniverseViewController.swift in Sources */ = {isa = PBXBuildFile; fileRef = BF788B7D2903C8CF002BF8C0 /* UniverseViewController.swift */; };
		BF788B802903C903002BF8C0 /* DashedCircle+Extension.swift in Sources */ = {isa = PBXBuildFile; fileRef = BF788B7F2903C903002BF8C0 /* DashedCircle+Extension.swift */; };
		BF788B822903D1A7002BF8C0 /* CustomCircleView.swift in Sources */ = {isa = PBXBuildFile; fileRef = BF788B812903D1A7002BF8C0 /* CustomCircleView.swift */; };
		BF788B842903D3BB002BF8C0 /* CommonVariables+Extension.swift in Sources */ = {isa = PBXBuildFile; fileRef = BF788B832903D3BB002BF8C0 /* CommonVariables+Extension.swift */; };
		BF788B8629052230002BF8C0 /* UniverseBackground.scn in Resources */ = {isa = PBXBuildFile; fileRef = BF788B8529052230002BF8C0 /* UniverseBackground.scn */; };
		BF7B4FB628FE431900F83158 /* AppDelegate.swift in Sources */ = {isa = PBXBuildFile; fileRef = BF7B4FB528FE431900F83158 /* AppDelegate.swift */; };
		BF7B4FB828FE431900F83158 /* SceneDelegate.swift in Sources */ = {isa = PBXBuildFile; fileRef = BF7B4FB728FE431900F83158 /* SceneDelegate.swift */; };
		BF7B4FBF28FE431A00F83158 /* Assets.xcassets in Resources */ = {isa = PBXBuildFile; fileRef = BF7B4FBE28FE431A00F83158 /* Assets.xcassets */; };
		BF7B4FC228FE431A00F83158 /* LaunchScreen.storyboard in Resources */ = {isa = PBXBuildFile; fileRef = BF7B4FC028FE431A00F83158 /* LaunchScreen.storyboard */; };
		BF7B4FD028FE452200F83158 /* Color+Extension.swift in Sources */ = {isa = PBXBuildFile; fileRef = BF7B4FCF28FE452200F83158 /* Color+Extension.swift */; };
		BF7B4FD228FE454A00F83158 /* View+Extension.swift in Sources */ = {isa = PBXBuildFile; fileRef = BF7B4FD128FE454A00F83158 /* View+Extension.swift */; };
		BF7B4FD528FE47B200F83158 /* .swiftlint.yml in Resources */ = {isa = PBXBuildFile; fileRef = BF7B4FD428FE47B200F83158 /* .swiftlint.yml */; };
/* End PBXBuildFile section */

/* Begin PBXFileReference section */

		BF788B7D2903C8CF002BF8C0 /* UniverseViewController.swift */ = {isa = PBXFileReference; lastKnownFileType = sourcecode.swift; path = UniverseViewController.swift; sourceTree = "<group>"; };
		BF788B7F2903C903002BF8C0 /* DashedCircle+Extension.swift */ = {isa = PBXFileReference; lastKnownFileType = sourcecode.swift; path = "DashedCircle+Extension.swift"; sourceTree = "<group>"; };
		BF788B812903D1A7002BF8C0 /* CustomCircleView.swift */ = {isa = PBXFileReference; lastKnownFileType = sourcecode.swift; path = CustomCircleView.swift; sourceTree = "<group>"; };
		BF788B832903D3BB002BF8C0 /* CommonVariables+Extension.swift */ = {isa = PBXFileReference; lastKnownFileType = sourcecode.swift; path = "CommonVariables+Extension.swift"; sourceTree = "<group>"; };
		BF788B8529052230002BF8C0 /* UniverseBackground.scn */ = {isa = PBXFileReference; lastKnownFileType = file.bplist; path = UniverseBackground.scn; sourceTree = "<group>"; };
		BF7B4FB228FE431900F83158 /* Tars.app */ = {isa = PBXFileReference; explicitFileType = wrapper.application; includeInIndex = 0; path = Tars.app; sourceTree = BUILT_PRODUCTS_DIR; };
		BF7B4FB528FE431900F83158 /* AppDelegate.swift */ = {isa = PBXFileReference; lastKnownFileType = sourcecode.swift; path = AppDelegate.swift; sourceTree = "<group>"; };
		BF7B4FB728FE431900F83158 /* SceneDelegate.swift */ = {isa = PBXFileReference; lastKnownFileType = sourcecode.swift; path = SceneDelegate.swift; sourceTree = "<group>"; };
		BF7B4FBE28FE431A00F83158 /* Assets.xcassets */ = {isa = PBXFileReference; lastKnownFileType = folder.assetcatalog; path = Assets.xcassets; sourceTree = "<group>"; };
		BF7B4FC128FE431A00F83158 /* Base */ = {isa = PBXFileReference; lastKnownFileType = file.storyboard; name = Base; path = Base.lproj/LaunchScreen.storyboard; sourceTree = "<group>"; };
		BF7B4FC328FE431A00F83158 /* Info.plist */ = {isa = PBXFileReference; lastKnownFileType = text.plist.xml; path = Info.plist; sourceTree = "<group>"; };
		BF7B4FCF28FE452200F83158 /* Color+Extension.swift */ = {isa = PBXFileReference; lastKnownFileType = sourcecode.swift; path = "Color+Extension.swift"; sourceTree = "<group>"; };
		BF7B4FD128FE454A00F83158 /* View+Extension.swift */ = {isa = PBXFileReference; lastKnownFileType = sourcecode.swift; path = "View+Extension.swift"; sourceTree = "<group>"; };
		BF7B4FD428FE47B200F83158 /* .swiftlint.yml */ = {isa = PBXFileReference; lastKnownFileType = text.yaml; path = .swiftlint.yml; sourceTree = "<group>"; };
/* End PBXFileReference section */

/* Begin PBXFrameworksBuildPhase section */
		BF7B4FAF28FE431900F83158 /* Frameworks */ = {
			isa = PBXFrameworksBuildPhase;
			buildActionMask = 2147483647;
			files = (
			);
			runOnlyForDeploymentPostprocessing = 0;
		};
/* End PBXFrameworksBuildPhase section */

/* Begin PBXGroup section */
		37AE64B82906B766000ABC86 /* Network */ = {
			isa = PBXGroup;
			children = (
				37AE64BF2906BCA5000ABC86 /* Base */,
				37AE64C42906BDE2000ABC86 /* Endpoint.swift */,
				37AE64C82906BF2B000ABC86 /* NetworkService.swift */,
				37AE64CC2906BF77000ABC86 /* APIManager.swift */,
				37D401F92906D1620090D225 /* LocationManager.swift */,
			);
			path = Network;
			sourceTree = "<group>";
		};
		37AE64BF2906BCA5000ABC86 /* Base */ = {
			isa = PBXGroup;
			children = (
				37AE64C02906BCB7000ABC86 /* URLConstants.swift */,
				37AE64C22906BD10000ABC86 /* Keys.swift */,
			);
			path = Base;
			sourceTree = "<group>";
		};
		BF7B4FA928FE431900F83158 = {
			isa = PBXGroup;
			children = (
				BF7B4FB428FE431900F83158 /* Tars */,
				BF7B4FB328FE431900F83158 /* Products */,
			);
			sourceTree = "<group>";
		};
		BF7B4FB328FE431900F83158 /* Products */ = {
			isa = PBXGroup;
			children = (
				BF7B4FB228FE431900F83158 /* Tars.app */,
			);
			name = Products;
			sourceTree = "<group>";
		};
		BF7B4FB428FE431900F83158 /* Tars */ = {
			isa = PBXGroup;
			children = (
				BF7B4FD428FE47B200F83158 /* .swiftlint.yml */,
				BF7B4FC928FE445200F83158 /* Model */,
				BF7B4FCC28FE448000F83158 /* ViewController */,
				BF7B4FCA28FE447000F83158 /* View */,
				BF7B4FCE28FE44D000F83158 /* Extensions */,
				37AE64B82906B766000ABC86 /* Network */,
				BF7B4FB528FE431900F83158 /* AppDelegate.swift */,
				BF7B4FB728FE431900F83158 /* SceneDelegate.swift */,
				BF7B4FBE28FE431A00F83158 /* Assets.xcassets */,
				BF7B4FC028FE431A00F83158 /* LaunchScreen.storyboard */,
				BF7B4FC328FE431A00F83158 /* Info.plist */,
				BF788B8529052230002BF8C0 /* UniverseBackground.scn */,
			);
			path = Tars;
			sourceTree = "<group>";
		};
		BF7B4FC928FE445200F83158 /* Model */ = {
			isa = PBXGroup;
			children = (
				37AE64BB2906B9A7000ABC86 /* BodiesPositionsResponse.swift */,
				37AE64BD2906B9BC000ABC86 /* Body.swift */,
			);
			path = Model;
			sourceTree = "<group>";
		};
		BF7B4FCA28FE447000F83158 /* View */ = {
			isa = PBXGroup;
			children = (
				BF788B812903D1A7002BF8C0 /* CustomCircleView.swift */,
				BF45ADCE29067C4F001F7D1C /* CustomSquareView.swift */,
			);
			path = View;
			sourceTree = "<group>";
		};
		BF7B4FCC28FE448000F83158 /* ViewController */ = {
			isa = PBXGroup;
			children = (
				BF788B7D2903C8CF002BF8C0 /* UniverseViewController.swift */,
			);
			path = ViewController;
			sourceTree = "<group>";
		};
		BF7B4FCE28FE44D000F83158 /* Extensions */ = {
			isa = PBXGroup;
			children = (
				BF7B4FCF28FE452200F83158 /* Color+Extension.swift */,
				BF7B4FD128FE454A00F83158 /* View+Extension.swift */,
				BF788B7F2903C903002BF8C0 /* DashedCircle+Extension.swift */,
				BF788B832903D3BB002BF8C0 /* CommonVariables+Extension.swift */,
				37AE64C62906BE54000ABC86 /* String+Extension.swift */,
			);
			path = Extensions;
			sourceTree = "<group>";
		};
/* End PBXGroup section */

/* Begin PBXNativeTarget section */
		BF7B4FB128FE431900F83158 /* Tars */ = {
			isa = PBXNativeTarget;
			buildConfigurationList = BF7B4FC628FE431A00F83158 /* Build configuration list for PBXNativeTarget "Tars" */;
			buildPhases = (
				BF7B4FD328FE472700F83158 /* Run Script */,
				BF7B4FAE28FE431900F83158 /* Sources */,
				BF7B4FAF28FE431900F83158 /* Frameworks */,
				BF7B4FB028FE431900F83158 /* Resources */,
			);
			buildRules = (
			);
			dependencies = (
			);
			name = Tars;
			productName = Tars;
			productReference = BF7B4FB228FE431900F83158 /* Tars.app */;
			productType = "com.apple.product-type.application";
		};
/* End PBXNativeTarget section */

/* Begin PBXProject section */
		BF7B4FAA28FE431900F83158 /* Project object */ = {
			isa = PBXProject;
			attributes = {
				BuildIndependentTargetsInParallel = 1;
				LastSwiftUpdateCheck = 1400;
				LastUpgradeCheck = 1400;
				TargetAttributes = {
					BF7B4FB128FE431900F83158 = {
						CreatedOnToolsVersion = 14.0.1;
					};
				};
			};
			buildConfigurationList = BF7B4FAD28FE431900F83158 /* Build configuration list for PBXProject "Tars" */;
			compatibilityVersion = "Xcode 14.0";
			developmentRegion = en;
			hasScannedForEncodings = 0;
			knownRegions = (
				en,
				Base,
			);
			mainGroup = BF7B4FA928FE431900F83158;
			productRefGroup = BF7B4FB328FE431900F83158 /* Products */;
			projectDirPath = "";
			projectRoot = "";
			targets = (
				BF7B4FB128FE431900F83158 /* Tars */,
			);
		};
/* End PBXProject section */

/* Begin PBXResourcesBuildPhase section */
		BF7B4FB028FE431900F83158 /* Resources */ = {
			isa = PBXResourcesBuildPhase;
			buildActionMask = 2147483647;
			files = (
				BF7B4FD528FE47B200F83158 /* .swiftlint.yml in Resources */,
				BF788B8629052230002BF8C0 /* UniverseBackground.scn in Resources */,
				BF7B4FC228FE431A00F83158 /* LaunchScreen.storyboard in Resources */,
				BF7B4FBF28FE431A00F83158 /* Assets.xcassets in Resources */,
			);
			runOnlyForDeploymentPostprocessing = 0;
		};
/* End PBXResourcesBuildPhase section */

/* Begin PBXShellScriptBuildPhase section */
		BF7B4FD328FE472700F83158 /* Run Script */ = {
			isa = PBXShellScriptBuildPhase;
			alwaysOutOfDate = 1;
			buildActionMask = 12;
			files = (
			);
			inputFileListPaths = (
			);
			inputPaths = (
			);
			name = "Run Script";
			outputFileListPaths = (
			);
			outputPaths = (
			);
			runOnlyForDeploymentPostprocessing = 0;
			shellPath = /bin/sh;
			shellScript = "# Type a script or drag a script file from your workspace to insert its path.\nexport PATH=\"$PATH:/opt/homebrew/bin\"\nif which swiftlint > /dev/null; then\n  swiftlint\nelse\n  echo \"warning: SwiftLint not installed, download from https://github.com/realm/SwiftLint\"\nfi\n";
		};
/* End PBXShellScriptBuildPhase section */

/* Begin PBXSourcesBuildPhase section */
		BF7B4FAE28FE431900F83158 /* Sources */ = {
			isa = PBXSourcesBuildPhase;
			buildActionMask = 2147483647;
			files = (
				BF45ADCF29067C4F001F7D1C /* CustomSquareView.swift in Sources */,
				BF788B822903D1A7002BF8C0 /* CustomCircleView.swift in Sources */,
				37D401FA2906D1620090D225 /* LocationManager.swift in Sources */,
				37AE64C32906BD10000ABC86 /* Keys.swift in Sources */,
				BF788B7E2903C8CF002BF8C0 /* UniverseViewController.swift in Sources */,
				37AE64C52906BDE2000ABC86 /* Endpoint.swift in Sources */,
				37AE64BC2906B9A7000ABC86 /* BodiesPositionsResponse.swift in Sources */,
				BF788B842903D3BB002BF8C0 /* CommonVariables+Extension.swift in Sources */,
				BF7B4FB628FE431900F83158 /* AppDelegate.swift in Sources */,
				BF7B4FB828FE431900F83158 /* SceneDelegate.swift in Sources */,
				37AE64C72906BE54000ABC86 /* String+Extension.swift in Sources */,
				BF788B802903C903002BF8C0 /* DashedCircle+Extension.swift in Sources */,
				37AE64C92906BF2B000ABC86 /* NetworkService.swift in Sources */,
				37AE64CD2906BF77000ABC86 /* APIManager.swift in Sources */,
				BF7B4FD028FE452200F83158 /* Color+Extension.swift in Sources */,
				37AE64C12906BCB7000ABC86 /* URLConstants.swift in Sources */,
				BF7B4FD228FE454A00F83158 /* View+Extension.swift in Sources */,
				37AE64BE2906B9BC000ABC86 /* Body.swift in Sources */,
			);
			runOnlyForDeploymentPostprocessing = 0;
		};
/* End PBXSourcesBuildPhase section */

/* Begin PBXVariantGroup section */
		BF7B4FC028FE431A00F83158 /* LaunchScreen.storyboard */ = {
			isa = PBXVariantGroup;
			children = (
				BF7B4FC128FE431A00F83158 /* Base */,
			);
			name = LaunchScreen.storyboard;
			sourceTree = "<group>";
		};
/* End PBXVariantGroup section */

/* Begin XCBuildConfiguration section */
		BF7B4FC428FE431A00F83158 /* Debug */ = {
			isa = XCBuildConfiguration;
			buildSettings = {
				ALWAYS_SEARCH_USER_PATHS = NO;
				CLANG_ANALYZER_NONNULL = YES;
				CLANG_ANALYZER_NUMBER_OBJECT_CONVERSION = YES_AGGRESSIVE;
				CLANG_CXX_LANGUAGE_STANDARD = "gnu++20";
				CLANG_ENABLE_MODULES = YES;
				CLANG_ENABLE_OBJC_ARC = YES;
				CLANG_ENABLE_OBJC_WEAK = YES;
				CLANG_WARN_BLOCK_CAPTURE_AUTORELEASING = YES;
				CLANG_WARN_BOOL_CONVERSION = YES;
				CLANG_WARN_COMMA = YES;
				CLANG_WARN_CONSTANT_CONVERSION = YES;
				CLANG_WARN_DEPRECATED_OBJC_IMPLEMENTATIONS = YES;
				CLANG_WARN_DIRECT_OBJC_ISA_USAGE = YES_ERROR;
				CLANG_WARN_DOCUMENTATION_COMMENTS = YES;
				CLANG_WARN_EMPTY_BODY = YES;
				CLANG_WARN_ENUM_CONVERSION = YES;
				CLANG_WARN_INFINITE_RECURSION = YES;
				CLANG_WARN_INT_CONVERSION = YES;
				CLANG_WARN_NON_LITERAL_NULL_CONVERSION = YES;
				CLANG_WARN_OBJC_IMPLICIT_RETAIN_SELF = YES;
				CLANG_WARN_OBJC_LITERAL_CONVERSION = YES;
				CLANG_WARN_OBJC_ROOT_CLASS = YES_ERROR;
				CLANG_WARN_QUOTED_INCLUDE_IN_FRAMEWORK_HEADER = YES;
				CLANG_WARN_RANGE_LOOP_ANALYSIS = YES;
				CLANG_WARN_STRICT_PROTOTYPES = YES;
				CLANG_WARN_SUSPICIOUS_MOVE = YES;
				CLANG_WARN_UNGUARDED_AVAILABILITY = YES_AGGRESSIVE;
				CLANG_WARN_UNREACHABLE_CODE = YES;
				CLANG_WARN__DUPLICATE_METHOD_MATCH = YES;
				COPY_PHASE_STRIP = NO;
				DEBUG_INFORMATION_FORMAT = dwarf;
				ENABLE_STRICT_OBJC_MSGSEND = YES;
				ENABLE_TESTABILITY = YES;
				GCC_C_LANGUAGE_STANDARD = gnu11;
				GCC_DYNAMIC_NO_PIC = NO;
				GCC_NO_COMMON_BLOCKS = YES;
				GCC_OPTIMIZATION_LEVEL = 0;
				GCC_PREPROCESSOR_DEFINITIONS = (
					"DEBUG=1",
					"$(inherited)",
				);
				GCC_WARN_64_TO_32_BIT_CONVERSION = YES;
				GCC_WARN_ABOUT_RETURN_TYPE = YES_ERROR;
				GCC_WARN_UNDECLARED_SELECTOR = YES;
				GCC_WARN_UNINITIALIZED_AUTOS = YES_AGGRESSIVE;
				GCC_WARN_UNUSED_FUNCTION = YES;
				GCC_WARN_UNUSED_VARIABLE = YES;
				IPHONEOS_DEPLOYMENT_TARGET = 16.0;
				MTL_ENABLE_DEBUG_INFO = INCLUDE_SOURCE;
				MTL_FAST_MATH = YES;
				ONLY_ACTIVE_ARCH = YES;
				SDKROOT = iphoneos;
				SWIFT_ACTIVE_COMPILATION_CONDITIONS = DEBUG;
				SWIFT_OPTIMIZATION_LEVEL = "-Onone";
			};
			name = Debug;
		};
		BF7B4FC528FE431A00F83158 /* Release */ = {
			isa = XCBuildConfiguration;
			buildSettings = {
				ALWAYS_SEARCH_USER_PATHS = NO;
				CLANG_ANALYZER_NONNULL = YES;
				CLANG_ANALYZER_NUMBER_OBJECT_CONVERSION = YES_AGGRESSIVE;
				CLANG_CXX_LANGUAGE_STANDARD = "gnu++20";
				CLANG_ENABLE_MODULES = YES;
				CLANG_ENABLE_OBJC_ARC = YES;
				CLANG_ENABLE_OBJC_WEAK = YES;
				CLANG_WARN_BLOCK_CAPTURE_AUTORELEASING = YES;
				CLANG_WARN_BOOL_CONVERSION = YES;
				CLANG_WARN_COMMA = YES;
				CLANG_WARN_CONSTANT_CONVERSION = YES;
				CLANG_WARN_DEPRECATED_OBJC_IMPLEMENTATIONS = YES;
				CLANG_WARN_DIRECT_OBJC_ISA_USAGE = YES_ERROR;
				CLANG_WARN_DOCUMENTATION_COMMENTS = YES;
				CLANG_WARN_EMPTY_BODY = YES;
				CLANG_WARN_ENUM_CONVERSION = YES;
				CLANG_WARN_INFINITE_RECURSION = YES;
				CLANG_WARN_INT_CONVERSION = YES;
				CLANG_WARN_NON_LITERAL_NULL_CONVERSION = YES;
				CLANG_WARN_OBJC_IMPLICIT_RETAIN_SELF = YES;
				CLANG_WARN_OBJC_LITERAL_CONVERSION = YES;
				CLANG_WARN_OBJC_ROOT_CLASS = YES_ERROR;
				CLANG_WARN_QUOTED_INCLUDE_IN_FRAMEWORK_HEADER = YES;
				CLANG_WARN_RANGE_LOOP_ANALYSIS = YES;
				CLANG_WARN_STRICT_PROTOTYPES = YES;
				CLANG_WARN_SUSPICIOUS_MOVE = YES;
				CLANG_WARN_UNGUARDED_AVAILABILITY = YES_AGGRESSIVE;
				CLANG_WARN_UNREACHABLE_CODE = YES;
				CLANG_WARN__DUPLICATE_METHOD_MATCH = YES;
				COPY_PHASE_STRIP = NO;
				DEBUG_INFORMATION_FORMAT = "dwarf-with-dsym";
				ENABLE_NS_ASSERTIONS = NO;
				ENABLE_STRICT_OBJC_MSGSEND = YES;
				GCC_C_LANGUAGE_STANDARD = gnu11;
				GCC_NO_COMMON_BLOCKS = YES;
				GCC_WARN_64_TO_32_BIT_CONVERSION = YES;
				GCC_WARN_ABOUT_RETURN_TYPE = YES_ERROR;
				GCC_WARN_UNDECLARED_SELECTOR = YES;
				GCC_WARN_UNINITIALIZED_AUTOS = YES_AGGRESSIVE;
				GCC_WARN_UNUSED_FUNCTION = YES;
				GCC_WARN_UNUSED_VARIABLE = YES;
				IPHONEOS_DEPLOYMENT_TARGET = 16.0;
				MTL_ENABLE_DEBUG_INFO = NO;
				MTL_FAST_MATH = YES;
				SDKROOT = iphoneos;
				SWIFT_COMPILATION_MODE = wholemodule;
				SWIFT_OPTIMIZATION_LEVEL = "-O";
				VALIDATE_PRODUCT = YES;
			};
			name = Release;
		};
		BF7B4FC728FE431A00F83158 /* Debug */ = {
			isa = XCBuildConfiguration;
			buildSettings = {
				ASSETCATALOG_COMPILER_APPICON_NAME = AppIcon;
				ASSETCATALOG_COMPILER_GLOBAL_ACCENT_COLOR_NAME = AccentColor;
				CODE_SIGN_STYLE = Automatic;
				CURRENT_PROJECT_VERSION = 1;
				DEVELOPMENT_TEAM = D9CAJN27UH;
				GENERATE_INFOPLIST_FILE = YES;
				INFOPLIST_FILE = Tars/Info.plist;
				INFOPLIST_KEY_UIApplicationSupportsIndirectInputEvents = YES;
				INFOPLIST_KEY_UILaunchStoryboardName = LaunchScreen;
				INFOPLIST_KEY_UISupportedInterfaceOrientations_iPad = "UIInterfaceOrientationPortrait UIInterfaceOrientationPortraitUpsideDown UIInterfaceOrientationLandscapeLeft UIInterfaceOrientationLandscapeRight";
				INFOPLIST_KEY_UISupportedInterfaceOrientations_iPhone = "UIInterfaceOrientationPortrait UIInterfaceOrientationLandscapeLeft UIInterfaceOrientationLandscapeRight";
				IPHONEOS_DEPLOYMENT_TARGET = 15.0;
				LD_RUNPATH_SEARCH_PATHS = (
					"$(inherited)",
					"@executable_path/Frameworks",
				);
				MARKETING_VERSION = 1.0;
				PRODUCT_BUNDLE_IDENTIFIER = TARS;
				PRODUCT_NAME = "$(TARGET_NAME)";
				SWIFT_EMIT_LOC_STRINGS = YES;
				SWIFT_VERSION = 5.0;
				TARGETED_DEVICE_FAMILY = "1,2";
			};
			name = Debug;
		};
		BF7B4FC828FE431A00F83158 /* Release */ = {
			isa = XCBuildConfiguration;
			buildSettings = {
				ASSETCATALOG_COMPILER_APPICON_NAME = AppIcon;
				ASSETCATALOG_COMPILER_GLOBAL_ACCENT_COLOR_NAME = AccentColor;
				CODE_SIGN_STYLE = Automatic;
				CURRENT_PROJECT_VERSION = 1;
				DEVELOPMENT_TEAM = D9CAJN27UH;
				GENERATE_INFOPLIST_FILE = YES;
				INFOPLIST_FILE = Tars/Info.plist;
				INFOPLIST_KEY_UIApplicationSupportsIndirectInputEvents = YES;
				INFOPLIST_KEY_UILaunchStoryboardName = LaunchScreen;
				INFOPLIST_KEY_UISupportedInterfaceOrientations_iPad = "UIInterfaceOrientationPortrait UIInterfaceOrientationPortraitUpsideDown UIInterfaceOrientationLandscapeLeft UIInterfaceOrientationLandscapeRight";
				INFOPLIST_KEY_UISupportedInterfaceOrientations_iPhone = "UIInterfaceOrientationPortrait UIInterfaceOrientationLandscapeLeft UIInterfaceOrientationLandscapeRight";
				IPHONEOS_DEPLOYMENT_TARGET = 15.0;
				LD_RUNPATH_SEARCH_PATHS = (
					"$(inherited)",
					"@executable_path/Frameworks",
				);
				MARKETING_VERSION = 1.0;
				PRODUCT_BUNDLE_IDENTIFIER = TARS;
				PRODUCT_NAME = "$(TARGET_NAME)";
				SWIFT_EMIT_LOC_STRINGS = YES;
				SWIFT_VERSION = 5.0;
				TARGETED_DEVICE_FAMILY = "1,2";
			};
			name = Release;
		};
/* End XCBuildConfiguration section */

/* Begin XCConfigurationList section */
		BF7B4FAD28FE431900F83158 /* Build configuration list for PBXProject "Tars" */ = {
			isa = XCConfigurationList;
			buildConfigurations = (
				BF7B4FC428FE431A00F83158 /* Debug */,
				BF7B4FC528FE431A00F83158 /* Release */,
			);
			defaultConfigurationIsVisible = 0;
			defaultConfigurationName = Release;
		};
		BF7B4FC628FE431A00F83158 /* Build configuration list for PBXNativeTarget "Tars" */ = {
			isa = XCConfigurationList;
			buildConfigurations = (
				BF7B4FC728FE431A00F83158 /* Debug */,
				BF7B4FC828FE431A00F83158 /* Release */,
			);
			defaultConfigurationIsVisible = 0;
			defaultConfigurationName = Release;
		};
/* End XCConfigurationList section */
	};
	rootObject = BF7B4FAA28FE431900F83158 /* Project object */;
}
